
Microsoft Visual Studio Solution File, Format Version 12.00
# Visual Studio 2013
VisualStudioVersion = 12.0.31101.0
MinimumVisualStudioVersion = 10.0.40219.1
Project("{FAE04EC0-301F-11D3-BF4B-00C04F79EFBC}") = "Mentor", "Mentor\Mentor.csproj", "{5B6ACB76-A21A-43A9-AF50-6E4E14996255}"
EndProject
Project("{FAE04EC0-301F-11D3-BF4B-00C04F79EFBC}") = "MentorTest", "MentorTest\MentorTest.csproj", "{8D7A1EC0-55A5-4927-9F30-72F79CBC5BF7}"
EndProject
Global
	GlobalSection(SolutionConfigurationPlatforms) = preSolution
		Debug|Any CPU = Debug|Any CPU
		Release|Any CPU = Release|Any CPU
	EndGlobalSection
	GlobalSection(ProjectConfigurationPlatforms) = postSolution
		{5B6ACB76-A21A-43A9-AF50-6E4E14996255}.Debug|Any CPU.ActiveCfg = Debug|Any CPU
		{5B6ACB76-A21A-43A9-AF50-6E4E14996255}.Debug|Any CPU.Build.0 = Debug|Any CPU
		{5B6ACB76-A21A-43A9-AF50-6E4E14996255}.Release|Any CPU.ActiveCfg = Release|Any CPU
		{5B6ACB76-A21A-43A9-AF50-6E4E14996255}.Release|Any CPU.Build.0 = Release|Any CPU
		{8D7A1EC0-55A5-4927-9F30-72F79CBC5BF7}.Debug|Any CPU.ActiveCfg = Debug|Any CPU
		{8D7A1EC0-55A5-4927-9F30-72F79CBC5BF7}.Debug|Any CPU.Build.0 = Debug|Any CPU
		{8D7A1EC0-55A5-4927-9F30-72F79CBC5BF7}.Release|Any CPU.ActiveCfg = Release|Any CPU
		{8D7A1EC0-55A5-4927-9F30-72F79CBC5BF7}.Release|Any CPU.Build.0 = Release|Any CPU
	EndGlobalSection
	GlobalSection(SolutionProperties) = preSolution
		HideSolutionNode = FALSE
	EndGlobalSection
EndGlobal
